
Microsoft Visual Studio Solution File, Format Version 12.00
# Visual Studio Version 17
VisualStudioVersion = 17.3.32929.385
MinimumVisualStudioVersion = 10.0.40219.1
Project("{9A19103F-16F7-4668-BE54-9A1E7A4F7556}") = "webApiMessenger.Domain", "webApiMessenger.Domain\webApiMessenger.Domain.csproj", "{D2CFC499-119B-4E62-BA09-D61901C8E92D}"
EndProject
Project("{9A19103F-16F7-4668-BE54-9A1E7A4F7556}") = "webApiMessenger.Application", "webApiMessenger.Application\webApiMessenger.Application.csproj", "{4F7CF1C5-808E-4B37-9044-8B09B960156B}"
EndProject
Project("{2150E333-8FDC-42A3-9474-1A3956D46DE8}") = "Presentations", "Presentations", "{2DBF14E5-F0EB-4328-95C7-7AD9F219EF89}"
EndProject
Project("{9A19103F-16F7-4668-BE54-9A1E7A4F7556}") = "webApiMessenger.WebApi", "webApiMessenger.WebApi\webApiMessenger.WebApi.csproj", "{CDCD21EE-370D-4CB0-95BD-C7AC93A21E9D}"
EndProject
Project("{2150E333-8FDC-42A3-9474-1A3956D46DE8}") = "Infrasturcture", "Infrasturcture", "{3FE0B931-FF72-4A23-88C7-DBF9B690B799}"
EndProject
Project("{FAE04EC0-301F-11D3-BF4B-00C04F79EFBC}") = "webApiMessenger.Persistence", "webApiMessenger.Persistence\webApiMessenger.Persistence.csproj", "{E445613D-0B2B-49BB-88D4-06FEAA0D3BC1}"
EndProject
Project("{2150E333-8FDC-42A3-9474-1A3956D46DE8}") = "Examples", "Examples", "{1519E458-D8AD-43C3-A797-8DC22056ACAA}"
EndProject
Project("{FAE04EC0-301F-11D3-BF4B-00C04F79EFBC}") = "EfCore.Cli", "EfCore.Cli\EfCore.Cli.csproj", "{5B234628-C5FD-400A-884D-1A92E77B1A27}"
EndProject
Global
	GlobalSection(SolutionConfigurationPlatforms) = preSolution
		Debug|Any CPU = Debug|Any CPU
		Release|Any CPU = Release|Any CPU
	EndGlobalSection
	GlobalSection(ProjectConfigurationPlatforms) = postSolution
		{D2CFC499-119B-4E62-BA09-D61901C8E92D}.Debug|Any CPU.ActiveCfg = Debug|Any CPU
		{D2CFC499-119B-4E62-BA09-D61901C8E92D}.Debug|Any CPU.Build.0 = Debug|Any CPU
		{D2CFC499-119B-4E62-BA09-D61901C8E92D}.Release|Any CPU.ActiveCfg = Release|Any CPU
		{D2CFC499-119B-4E62-BA09-D61901C8E92D}.Release|Any CPU.Build.0 = Release|Any CPU
		{4F7CF1C5-808E-4B37-9044-8B09B960156B}.Debug|Any CPU.ActiveCfg = Debug|Any CPU
		{4F7CF1C5-808E-4B37-9044-8B09B960156B}.Debug|Any CPU.Build.0 = Debug|Any CPU
		{4F7CF1C5-808E-4B37-9044-8B09B960156B}.Release|Any CPU.ActiveCfg = Release|Any CPU
		{4F7CF1C5-808E-4B37-9044-8B09B960156B}.Release|Any CPU.Build.0 = Release|Any CPU
		{CDCD21EE-370D-4CB0-95BD-C7AC93A21E9D}.Debug|Any CPU.ActiveCfg = Debug|Any CPU
		{CDCD21EE-370D-4CB0-95BD-C7AC93A21E9D}.Debug|Any CPU.Build.0 = Debug|Any CPU
		{CDCD21EE-370D-4CB0-95BD-C7AC93A21E9D}.Release|Any CPU.ActiveCfg = Release|Any CPU
		{CDCD21EE-370D-4CB0-95BD-C7AC93A21E9D}.Release|Any CPU.Build.0 = Release|Any CPU
		{E445613D-0B2B-49BB-88D4-06FEAA0D3BC1}.Debug|Any CPU.ActiveCfg = Debug|Any CPU
		{E445613D-0B2B-49BB-88D4-06FEAA0D3BC1}.Debug|Any CPU.Build.0 = Debug|Any CPU
		{E445613D-0B2B-49BB-88D4-06FEAA0D3BC1}.Release|Any CPU.ActiveCfg = Release|Any CPU
		{E445613D-0B2B-49BB-88D4-06FEAA0D3BC1}.Release|Any CPU.Build.0 = Release|Any CPU
		{5B234628-C5FD-400A-884D-1A92E77B1A27}.Debug|Any CPU.ActiveCfg = Debug|Any CPU
		{5B234628-C5FD-400A-884D-1A92E77B1A27}.Debug|Any CPU.Build.0 = Debug|Any CPU
		{5B234628-C5FD-400A-884D-1A92E77B1A27}.Release|Any CPU.ActiveCfg = Release|Any CPU
		{5B234628-C5FD-400A-884D-1A92E77B1A27}.Release|Any CPU.Build.0 = Release|Any CPU
	EndGlobalSection
	GlobalSection(SolutionProperties) = preSolution
		HideSolutionNode = FALSE
	EndGlobalSection
	GlobalSection(NestedProjects) = preSolution
		{CDCD21EE-370D-4CB0-95BD-C7AC93A21E9D} = {2DBF14E5-F0EB-4328-95C7-7AD9F219EF89}
		{E445613D-0B2B-49BB-88D4-06FEAA0D3BC1} = {3FE0B931-FF72-4A23-88C7-DBF9B690B799}
		{5B234628-C5FD-400A-884D-1A92E77B1A27} = {1519E458-D8AD-43C3-A797-8DC22056ACAA}
	EndGlobalSection
	GlobalSection(ExtensibilityGlobals) = postSolution
		SolutionGuid = {5D5F1C3A-1C78-4196-8A65-E0D586CCF8AC}
	EndGlobalSection
EndGlobal
